Microsoft Visual Studio Solution File, Format Version 12.00
# Visual Studio Version 17
VisualStudioVersion = 17.5.2.0
MinimumVisualStudioVersion = 10.0.40219.1
Project("{FAE04EC0-301F-11D3-BF4B-00C04F79EFBC}") = "APIServerApp", "APIServerApp.csproj", "{CA5DD476-5193-0F6F-5731-CFFA554FD1AD}"
EndProject
Global
	GlobalSection(SolutionConfigurationPlatforms) = preSolution
		Debug|Any CPU = Debug|Any CPU
		Release|Any CPU = Release|Any CPU
	EndGlobalSection
	GlobalSection(ProjectConfigurationPlatforms) = postSolution
		{CA5DD476-5193-0F6F-5731-CFFA554FD1AD}.Debug|Any CPU.ActiveCfg = Debug|Any CPU
		{CA5DD476-5193-0F6F-5731-CFFA554FD1AD}.Debug|Any CPU.Build.0 = Debug|Any CPU
		{CA5DD476-5193-0F6F-5731-CFFA554FD1AD}.Release|Any CPU.ActiveCfg = Release|Any CPU
		{CA5DD476-5193-0F6F-5731-CFFA554FD1AD}.Release|Any CPU.Build.0 = Release|Any CPU
	EndGlobalSection
	GlobalSection(SolutionProperties) = preSolution
		HideSolutionNode = FALSE
	EndGlobalSection
	GlobalSection(ExtensibilityGlobals) = postSolution
		SolutionGuid = {A051517B-F3BC-4088-A615-43C68C02253E}
	EndGlobalSection
EndGlobal
